
Microsoft Visual Studio Solution File, Format Version 12.00
Project("{FAE04EC0-301F-11D3-BF4B-00C04F79EFBC}") = "RabbitMQ.API", "RabbitMQ.API\RabbitMQ.API.csproj", "{C19C7C75-8DBA-4818-BF21-9A2DCABE73A5}"
EndProject
Project("{2150E333-8FDC-42A3-9474-1A3956D46DE8}") = "ConsoleExample", "ConsoleExample", "{B0F7210B-4CE9-4A93-8ABE-0AFC7F283DF1}"
EndProject
Project("{FAE04EC0-301F-11D3-BF4B-00C04F79EFBC}") = "RabbitMQ.Producer", "RabbitMQ.Producer\RabbitMQ.Producer.csproj", "{F544A1A1-7BAC-4580-B843-D8A71898AC58}"
EndProject
Project("{FAE04EC0-301F-11D3-BF4B-00C04F79EFBC}") = "RabbitMQ.Consumer", "RabbitMQ.Consumer\RabbitMQ.Consumer.csproj", "{EDBF46F2-F5A8-417B-852B-B9D200B587D1}"
EndProject
Global
	GlobalSection(SolutionConfigurationPlatforms) = preSolution
		Debug|Any CPU = Debug|Any CPU
		Release|Any CPU = Release|Any CPU
	EndGlobalSection
	GlobalSection(ProjectConfigurationPlatforms) = postSolution
		{C19C7C75-8DBA-4818-BF21-9A2DCABE73A5}.Debug|Any CPU.ActiveCfg = Debug|Any CPU
		{C19C7C75-8DBA-4818-BF21-9A2DCABE73A5}.Debug|Any CPU.Build.0 = Debug|Any CPU
		{C19C7C75-8DBA-4818-BF21-9A2DCABE73A5}.Release|Any CPU.ActiveCfg = Release|Any CPU
		{C19C7C75-8DBA-4818-BF21-9A2DCABE73A5}.Release|Any CPU.Build.0 = Release|Any CPU
		{F544A1A1-7BAC-4580-B843-D8A71898AC58}.Debug|Any CPU.ActiveCfg = Debug|Any CPU
		{F544A1A1-7BAC-4580-B843-D8A71898AC58}.Debug|Any CPU.Build.0 = Debug|Any CPU
		{F544A1A1-7BAC-4580-B843-D8A71898AC58}.Release|Any CPU.ActiveCfg = Release|Any CPU
		{F544A1A1-7BAC-4580-B843-D8A71898AC58}.Release|Any CPU.Build.0 = Release|Any CPU
		{EDBF46F2-F5A8-417B-852B-B9D200B587D1}.Debug|Any CPU.ActiveCfg = Debug|Any CPU
		{EDBF46F2-F5A8-417B-852B-B9D200B587D1}.Debug|Any CPU.Build.0 = Debug|Any CPU
		{EDBF46F2-F5A8-417B-852B-B9D200B587D1}.Release|Any CPU.ActiveCfg = Release|Any CPU
		{EDBF46F2-F5A8-417B-852B-B9D200B587D1}.Release|Any CPU.Build.0 = Release|Any CPU
	EndGlobalSection
	GlobalSection(NestedProjects) = preSolution
		{F544A1A1-7BAC-4580-B843-D8A71898AC58} = {B0F7210B-4CE9-4A93-8ABE-0AFC7F283DF1}
		{EDBF46F2-F5A8-417B-852B-B9D200B587D1} = {B0F7210B-4CE9-4A93-8ABE-0AFC7F283DF1}
	EndGlobalSection
EndGlobal
